{
  "name": "nlp-web",
  "version": "1.0.0",
  "lockfileVersion": 1,
  "requires": true,
  "dependencies": {
    "@material/animation": {
      "version": "13.0.0",
      "resolved": "https://registry.npmjs.org/@material/animation/-/animation-13.0.0.tgz",
      "integrity": "sha512-YR0/u4u56qXDjKYolQ7F+IvlPkaSBhMl/dZv8DK0FbD6PH4ckOPd3bEXNRndXtprsxwknQQP2pttjPImylkl0g==",
      "requires": {
        "tslib": "^2.1.0"
      }
    },
    "@material/base": {
      "version": "13.0.0",
      "resolved": "https://registry.npmjs.org/@material/base/-/base-13.0.0.tgz",
      "integrity": "sha512-vFx0JryRfcvUNX3cZ2u32wUMvxzd+c/YW0LFOXNgqCDWlubHcMm0Y6Wz371LhfQo80/NE69u+/4Joo99yKnVeg==",
      "requires": {
        "tslib": "^2.1.0"
      }
    },
    "@material/density": {
      "version": "13.0.0",
      "resolved": "https://registry.npmjs.org/@material/density/-/density-13.0.0.tgz",
      "integrity": "sha512-ppJTzOsuhjQam5GvHaq/XZocZNUr+41XQ2sd5nONAmQ0wwzXgqG0FaxtF1EXqK3uZFadz+vAu6enagre9DXhTA==",
      "requires": {
        "tslib": "^2.1.0"
      }
    },
    "@material/dom": {
      "version": "13.0.0",
      "resolved": "https://registry.npmjs.org/@material/dom/-/dom-13.0.0.tgz",
      "integrity": "sha512-M9HLAYBZtkTUvf66FL+jAEvUOdhji1HkGA1mV6oyE+HY9gkCkmso+mngvzlLd5+uaAVE9I3WQFhSb9gp0cpXnw==",
      "requires": {
        "@material/feature-targeting": "^13.0.0",
        "tslib": "^2.1.0"
      }
    },
    "@material/feature-targeting": {
      "version": "13.0.0",
      "resolved": "https://registry.npmjs.org/@material/feature-targeting/-/feature-targeting-13.0.0.tgz",
      "integrity": "sha512-QJClfeaA4EMyAxKJy9WR0Nx+/VwSZCkhGLUVBG9NhxqYGfl/LtaeaidrNm32vYEoNZAofN92VD2RwQTRwp/dMQ==",
      "requires": {
        "tslib": "^2.1.0"
      }
    },
    "@material/floating-label": {
      "version": "13.0.0",
      "resolved": "https://registry.npmjs.org/@material/floating-label/-/floating-label-13.0.0.tgz",
      "integrity": "sha512-imAPamD97QrizVCOpxjr3UfQJyDBpEEhDBSbEbKLrCpqG3jQx4/My5rNKKVGWjxUiBYgBA1dhkn98RRX5tGBtQ==",
      "requires": {
        "@material/animation": "^13.0.0",
        "@material/base": "^13.0.0",
        "@material/dom": "^13.0.0",
        "@material/feature-targeting": "^13.0.0",
        "@material/rtl": "^13.0.0",
        "@material/theme": "^13.0.0",
        "@material/typography": "^13.0.0",
        "tslib": "^2.1.0"
      }
    },
    "@material/line-ripple": {
      "version": "13.0.0",
      "resolved": "https://registry.npmjs.org/@material/line-ripple/-/line-ripple-13.0.0.tgz",
      "integrity": "sha512-5djBRXrd1+SiMVUTWr4rD6xv+/qTaGGmgUS5GytBE5mczvnEwcPmM4PzF+HNj2TS+wvNvIfRjRmUzWO2Z6w2lA==",
      "requires": {
        "@material/animation": "^13.0.0",
        "@material/base": "^13.0.0",
        "@material/feature-targeting": "^13.0.0",
        "@material/theme": "^13.0.0",
        "tslib": "^2.1.0"
      }
    },
    "@material/notched-outline": {
      "version": "13.0.0",
      "resolved": "https://registry.npmjs.org/@material/notched-outline/-/notched-outline-13.0.0.tgz",
      "integrity": "sha512-BHdxr1x2AN4oqycTNg0FGisG3rMHf50z3MuyUoQsJJ3WGjxBMWKd0yK/xl4m38nFKPg1vQnzyHIYTJdRpCaE7A==",
      "requires": {
        "@material/base": "^13.0.0",
        "@material/feature-targeting": "^13.0.0",
        "@material/floating-label": "^13.0.0",
        "@material/rtl": "^13.0.0",
        "@material/shape": "^13.0.0",
        "@material/theme": "^13.0.0",
        "tslib": "^2.1.0"
      }
    },
    "@material/ripple": {
      "version": "13.0.0",
      "resolved": "https://registry.npmjs.org/@material/ripple/-/ripple-13.0.0.tgz",
      "integrity": "sha512-hx4B40hB2rRfsGwf1jwo2GGlYDq0yUQjcMcMmXfQipPJNpQhy8ylmXKc1DBjmWf7EQ/MgbfCSYwPrYXrbGP31w==",
      "requires": {
        "@material/animation": "^13.0.0",
        "@material/base": "^13.0.0",
        "@material/dom": "^13.0.0",
        "@material/feature-targeting": "^13.0.0",
        "@material/rtl": "^13.0.0",
        "@material/theme": "^13.0.0",
        "tslib": "^2.1.0"
      }
    },
    "@material/rtl": {
      "version": "13.0.0",
      "resolved": "https://registry.npmjs.org/@material/rtl/-/rtl-13.0.0.tgz",
      "integrity": "sha512-nFGy3iQg7k+xLs67eb86mRFVLwa0yi7MusqRK4OM8DXcLO5yoVfUTPKpdSykcbRryp9imVHsxutox2tZawR4og==",
      "requires": {
        "@material/theme": "^13.0.0",
        "tslib": "^2.1.0"
      }
    },
    "@material/shape": {
      "version": "13.0.0",
      "resolved": "https://registry.npmjs.org/@material/shape/-/shape-13.0.0.tgz",
      "integrity": "sha512-exk96+iCjzCujk3aSrvIMhmW773s1Tc0h+MbQKbt6Iv3nHJCyLSiRbxclCHXWHrVwG/9KZRkrt/g2qk7P3VRBg==",
      "requires": {
        "@material/feature-targeting": "^13.0.0",
        "@material/rtl": "^13.0.0",
        "@material/theme": "^13.0.0",
        "tslib": "^2.1.0"
      }
    },
    "@material/textfield": {
      "version": "13.0.0",
      "resolved": "https://registry.npmjs.org/@material/textfield/-/textfield-13.0.0.tgz",
      "integrity": "sha512-CzodrOqx8wzj2AQngMpISURJID4jVOHf4CtiPoj32LG8bWLn5ZfAAX2aA2rO6NPyDYsFm0aEnlfMhnDwQyPoYw==",
      "requires": {
        "@material/animation": "^13.0.0",
        "@material/base": "^13.0.0",
        "@material/density": "^13.0.0",
        "@material/dom": "^13.0.0",
        "@material/feature-targeting": "^13.0.0",
        "@material/floating-label": "^13.0.0",
        "@material/line-ripple": "^13.0.0",
        "@material/notched-outline": "^13.0.0",
        "@material/ripple": "^13.0.0",
        "@material/rtl": "^13.0.0",
        "@material/shape": "^13.0.0",
        "@material/theme": "^13.0.0",
        "@material/typography": "^13.0.0",
        "tslib": "^2.1.0"
      }
    },
    "@material/theme": {
      "version": "13.0.0",
      "resolved": "https://registry.npmjs.org/@material/theme/-/theme-13.0.0.tgz",
      "integrity": "sha512-KAe1s0MvvfCGAwJliDVTvgAKuD3ESwhl7F7br4Iam4IPdqME2rWl8NPhKHFfaWqTG7PyCgMMngYEYuA8cLNTsA==",
      "requires": {
        "@material/feature-targeting": "^13.0.0",
        "tslib": "^2.1.0"
      }
    },
    "@material/typography": {
      "version": "13.0.0",
      "resolved": "https://registry.npmjs.org/@material/typography/-/typography-13.0.0.tgz",
      "integrity": "sha512-UfaK4vT3LmGiiySf2RVIrf7fJZa6EJadFwo4YUMJx9bvUMRlBm1oI8Vo9fYpKdLfuSTeA+2BlgbwYVObj3laFw==",
      "requires": {
        "@material/feature-targeting": "^13.0.0",
        "@material/theme": "^13.0.0",
        "tslib": "^2.1.0"
      }
    },
    "tslib": {
      "version": "2.3.1",
      "resolved": "https://registry.npmjs.org/tslib/-/tslib-2.3.1.tgz",
      "integrity": "sha512-77EbyPPpMz+FRFRuAFlWMtmgUWGe9UOG2Z25NqCwiIjRhOf5iKGuzSe5P2w1laq+FkRy4p+PCuVkJSGkzTEKVw=="
    }
  }
}
